
Microsoft Visual Studio Solution File, Format Version 12.00
# Visual Studio Version 17
VisualStudioVersion = 17.13.35919.96
MinimumVisualStudioVersion = 10.0.40219.1
Project("{FAE04EC0-301F-11D3-BF4B-00C04F79EFBC}") = "PolarBLE", "PolarBLE.csproj", "{0700F7A2-5855-4C9C-9489-A59426829E0A}"
EndProject
Project("{FAE04EC0-301F-11D3-BF4B-00C04F79EFBC}") = "TestAPP", "..\TestAPp\TestAPP.csproj", "{CFCCDE0B-F9F8-46E5-BF36-1E086EFC249A}"
EndProject
Global
	GlobalSection(SolutionConfigurationPlatforms) = preSolution
		Debug|Any CPU = Debug|Any CPU
		Release|Any CPU = Release|Any CPU
	EndGlobalSection
	GlobalSection(ProjectConfigurationPlatforms) = postSolution
		{0700F7A2-5855-4C9C-9489-A59426829E0A}.Debug|Any CPU.ActiveCfg = Debug|Any CPU
		{0700F7A2-5855-4C9C-9489-A59426829E0A}.Debug|Any CPU.Build.0 = Debug|Any CPU
		{0700F7A2-5855-4C9C-9489-A59426829E0A}.Release|Any CPU.ActiveCfg = Release|Any CPU
		{0700F7A2-5855-4C9C-9489-A59426829E0A}.Release|Any CPU.Build.0 = Release|Any CPU
		{CFCCDE0B-F9F8-46E5-BF36-1E086EFC249A}.Debug|Any CPU.ActiveCfg = Debug|Any CPU
		{CFCCDE0B-F9F8-46E5-BF36-1E086EFC249A}.Debug|Any CPU.Build.0 = Debug|Any CPU
		{CFCCDE0B-F9F8-46E5-BF36-1E086EFC249A}.Release|Any CPU.ActiveCfg = Release|Any CPU
		{CFCCDE0B-F9F8-46E5-BF36-1E086EFC249A}.Release|Any CPU.Build.0 = Release|Any CPU
	EndGlobalSection
	GlobalSection(SolutionProperties) = preSolution
		HideSolutionNode = FALSE
	EndGlobalSection
	GlobalSection(ExtensibilityGlobals) = postSolution
		SolutionGuid = {2F1FDD8B-09E4-4DE8-AFE9-9F3CBD68B698}
	EndGlobalSection
EndGlobal
